# Written by the template generator. Do not edit.
version: v1.1.0
profile: service
features:
  frontend: true
  seo: true
  i18n: true
  database: true
  background: true
files:
  - path: .env.example
    mode: seed
    digest: sha256:71a875ee706446b5b6db8ab98c434f82f021ca6a236f1fa9a44ff5d22fbcc96a
  - path: .githooks/pre-commit
    mode: generated
    digest: sha256:a5ce92e3d619afa794f824f013e0c88fb70820b6896bd92a2fd7a21b0a34a0ea
  - path: .githooks/pre-push
    mode: generated
    digest: sha256:c437110b1601988955b05c6f9d803a0af01c4b710f3fcb46c6803dfc53b010a0
  - path: .github/CODEOWNERS
    mode: seed
    digest: sha256:516e9399588da95260580a4ff5c29946a094c58baa181ede8d8668c8c3ce777f
  - path: .github/dependabot.yml
    mode: generated
    digest: sha256:5d4805567bdf9e07a35f14c35c465bced6f6a7f3ba7947f727d535a94c08ed8b
  - path: .github/settings.yml
    mode: generated
    digest: sha256:e0a4359049255535acc46bf744a64464132a641f32f01621664cc177d3b4c2c3
  - path: .github/suppressions.yml
    mode: seed
    digest: sha256:f260e626f339fb17fce87b14235a0705409fe9b4b82487f6aabbc4b34d48448c
  - path: .github/workflows/ci-gate-bump.yml
    mode: generated
    digest: sha256:e5e43437aabc8ba9fa55cab2df2d8c84622ba468b0a4106254c29ac9636267b4
  - path: .github/workflows/ci.yml
    mode: generated
    digest: sha256:c63815d75c2f42d9d113e12881c69847f88faf0da95c96e1c067e7cb21bbb2c2
  - path: .github/workflows/settings.yml
    mode: generated
    digest: sha256:7e9c787bcc8f5d7d254d746e34ad1fc6948937904102d12c7ad92252e9b710a4
  - path: .github/workflows/verify.yml
    mode: generated
    digest: sha256:520b7fd6effc6159606674554ac4d961b479cba7132fec871a2cea8367df4ca9
  - path: .gitignore
    mode: merged
    digest: sha256:a170171764c39903d38dbc519788599164cb49539a9a7be7969fed0dded52fc2
  - path: .lateregate.yaml
    mode: generated
    digest: sha256:ebbb8afa39f515392ba1f6d1c2e766d4ba436e25b831318ac4f467adbdc6473a
  - path: CHANGELOG.md
    mode: seed
    digest: sha256:06ae03968a22bbe92246ee9a8f7f0cae266fd80d03607ddadb312b8cb0e2b996
  - path: CONTRIBUTING.md
    mode: seed
    digest: sha256:382a2e24fb42a5f0000fe66e198b8b96f03bd36eeb24a508e05bff373df399de
  - path: Dockerfile
    mode: generated
    digest: sha256:8e624f6bef7cfb5d36bb89287a849407bbe4706f9bc5d07faf56c2a98fd33de4
  - path: Dockerfile.ci
    mode: generated
    digest: sha256:e3c614bb22ff5755b275216956365de08c72b9b154713eae85bd81abbc47e9b1
  - path: LICENSE
    mode: seed
    digest: sha256:3e24416438db99f29bbc0877e352899aa0db404e7688b80c8dbb832ec6b79dd3
  - path: Makefile
    mode: merged
    digest: sha256:358fc58caa7bce19361b41652d5e1bca616f932d23c1a96c1c4c0b55b816fd81
  - path: README.md
    mode: seed
    digest: sha256:c005ba1c3132f032b3f61588197729f2653e33420a4c7842108c04e14d558f59
  - path: SECURITY.md
    mode: seed
    digest: sha256:ecef5e288def37df3fbf2c59a37e878f69db9f0b1607daf42d978fa5d2dfc408
  - path: cmd/reference-service/background.go
    mode: seed
    digest: sha256:73248bcb24fc4ee7a992c370ad4273577da51b59dc293fea24aae608312fcb63
  - path: cmd/reference-service/background_test.go
    mode: seed
    digest: sha256:362e083d79368701a81bb53c5c547052543c7cc5875978918cb9dac6d0a5c96f
  - path: cmd/reference-service/database.go
    mode: seed
    digest: sha256:d631c18dea0fdf3aed02317ccb15c1813a5de8667b01c076a9cad51bb5f00b61
  - path: cmd/reference-service/database_test.go
    mode: seed
    digest: sha256:4e8be1699473d4f3c8209cd890fd27c1b7e721f6fe5a20190026f76b67a50fc8
  - path: cmd/reference-service/frontend.go
    mode: seed
    digest: sha256:2a0786db4b565e454c39c6d869c9cd4229226989e9cf59147cade621d1e3c757
  - path: cmd/reference-service/frontend_test.go
    mode: seed
    digest: sha256:ad6c6e2cfbef05cf0a2b6b4f5ab0350fe9730f34cb67a6ea67c7fe1d0bd65d3f
  - path: cmd/reference-service/main.go
    mode: seed
    digest: sha256:43daae20eb5039cc238a5d4a7005867d1cdc791c2f863a6c4629a209c9f1b1b5
  - path: cmd/reference-service/main_test.go
    mode: seed
    digest: sha256:2e1ae249cbf10b3b03540c07df71c7dc2fc928b8fd9ec12c4b1e565d3cbf9138
  - path: cmd/reference-service/outbound_test.go
    mode: seed
    digest: sha256:36b7f16caae6dbcb1a4452588922568c67f584bc4a47134be88c8843a02fd1aa
  - path: cmd/reference-service/startup_test.go
    mode: seed
    digest: sha256:5f7cbdc3c30dd73b1079109caecaaf95d7a6c54919a295c4149d5a2855f0e329
  - path: deploy/base/deployment.yaml
    mode: seed
    digest: sha256:26e171ab84b793534b2d879d179e817c0f362b1d1a0b6ab37e8f6484a5796da4
  - path: deploy/base/kustomization.yaml
    mode: seed
    digest: sha256:48bc7d3b54fb4a8b5b2ca21154019b3db020b4aee5fbf9c1f32c617556639f85
  - path: deploy/base/poddisruptionbudget.yaml
    mode: seed
    digest: sha256:2981a41c133985c5ef84b2dc1ee0bbeae599f50582036817b7c5848380c20261
  - path: deploy/base/service.yaml
    mode: seed
    digest: sha256:11a98c190e416aaf122755bc304096bcfcc8776f004699f67bd5b76087dacc95
  - path: deploy/base/serviceaccount.yaml
    mode: seed
    digest: sha256:dca9dc9900e2088cb00d6851607edf93408ac5ed6df05608740d536dc413643e
  - path: deploy/bootstrap/README.md
    mode: seed
    digest: sha256:8e6a4ba81da2d321c278b488f7f247ebca9ca8f45759100f1bd3af391aa45bef
  - path: deploy/bootstrap/namespace.yaml
    mode: seed
    digest: sha256:0cb7b339cb9b6be306604f08de8d37fc67a168ac91abacc73f9da230b3913f80
  - path: deploy/pipeline-secrets.yaml
    mode: seed
    digest: sha256:3ce2411fe87d9aa80faaa6089aa661e2a2a98c539e702ed8d721ed49120a6f89
  - path: deploy/preproduction/kustomization.yaml
    mode: seed
    digest: sha256:1df55b257d332ec164234d52fc3a52028c4a7369d08b3f592419877b18f0fb69
  - path: deploy/preproduction/patch.yaml
    mode: seed
    digest: sha256:8fdc37785b099315e20eab9aa957dab44e3dab1686c8aa1134523863bfb432e8
  - path: deploy/production/kustomization.yaml
    mode: seed
    digest: sha256:de8a0947e21aac54d31a550282d78e92a3ae539b0b3f1ba0af5935466bca5477
  - path: deploy/production/patch.yaml
    mode: seed
    digest: sha256:852d5a2b73a459f48da2900796170f979e1423084d7e49ab675c785ae522047d
  - path: docker-compose.yml
    mode: generated
    digest: sha256:2bc9e1e568f3de21b24863c79f6d71bf06ab349a9afc35be0c0ff5707e21fc8d
  - path: docs/api.md
    mode: seed
    digest: sha256:8a19ec1d6afba5d8a641155c5bdabc4f1f3b35dd956df61ebd9a289dfa12bac3
  - path: docs/architecture.md
    mode: seed
    digest: sha256:82338026f19d18114f4d30ffc739fed2389ecd7bac3b6392ea158936cb0f2fad
  - path: docs/configuration.md
    mode: seed
    digest: sha256:0d2ed15f94262b79dbcd6ef63f8536d2b8b40dccf7ef5a0f8762701a817e38d7
  - path: docs/operations.md
    mode: seed
    digest: sha256:71920de0abbb74f233786131fa716eb672ab54e76d27b8af42d46dad9f98ea36
  - path: frontend/.gitignore
    mode: merged
    digest: sha256:1cce964e85897eb3bedcc0dd4edff90e2109b674be2a122aab9d332bad43c94e
  - path: frontend/.prettierignore
    mode: generated
    digest: sha256:4f73a60417cc3861d75080d928ec76b50dd2917a131fda2bc7c7c75701c9457b
  - path: frontend/.prettierrc.json
    mode: generated
    digest: sha256:c6435d02205d74cea9b073dc7e16c361254ac16f3681b473b9610f39e7b97410
  - path: frontend/bun.lock
    mode: seed
    digest: sha256:ad03b0f014a88a57047de07cb34e79a2697fc2211623d615fd548dbbf5472174
  - path: frontend/eslint.config.js
    mode: generated
    digest: sha256:2acbf731b24b202c4b6a6a67cccd1998f77abe2d9fbbc99a44ff386728f02d83
  - path: frontend/index.html
    mode: generated
    digest: sha256:da2be427beec56d059f79b6e45e7979432b74fcfbc3144e756c899f9cec70cde
  - path: frontend/package.json
    mode: seed
    digest: sha256:a3ccf090c01f46ed8d447dc69752fc5634fa8427e0a44ef6d63abe361aadcf55
  - path: frontend/prerender/document.ts
    mode: generated
    digest: sha256:5b4c46d89256978b6d6b23f162395a2ff542391396d259724d2ab816430155fa
  - path: frontend/prerender/prerender.ts
    mode: generated
    digest: sha256:58ef908be45665eadb5c18045661b7fc5fdfa2d92f30b4a6e5bd03a15274ed1f
  - path: frontend/prerender/run.ts
    mode: generated
    digest: sha256:dec5509e149124af1c71c03112229b0917e8c11b472be5d4c375568b5f569e55
  - path: frontend/public/favicon.svg
    mode: seed
    digest: sha256:def88c59a6bea1d0fbe774e8360d3138f3e3ed20a5aeb6cbf21f43de9b98280b
  - path: frontend/public/social-card.png
    mode: seed
    digest: sha256:ab3c2dde821166167e1316d3404382085dfa281b522b5c7576114ee03ebaf270
  - path: frontend/src/app.tsx
    mode: seed
    digest: sha256:9249993f676011c088b2df719b4ce125f6695e5c6713782708f8f37e155029ad
  - path: frontend/src/components/layout.tsx
    mode: seed
    digest: sha256:bb903f83a76a01e16905fce4c7edec5589cc6c3f334fb2dc84910a8ad18aeceb
  - path: frontend/src/components/link.tsx
    mode: seed
    digest: sha256:89324d666050feab96ac11422dc790ff20593924893d2eb35579bda8b08f3200
  - path: frontend/src/entry-server.tsx
    mode: generated
    digest: sha256:6bf14c010516367db0c9698701571bda9e1de6a30fec25d4908a49cf73554428
  - path: frontend/src/i18n/catalog.ts
    mode: generated
    digest: sha256:487703ab2438cd6cc19f9fe19f52309b9c88c2b840595914335847c9df5c33d1
  - path: frontend/src/i18n/completeness.ts
    mode: generated
    digest: sha256:212fe3557dac3ff76669e8b45a0020a32f474cbc51efcbed8c3c78059b78e201
  - path: frontend/src/i18n/locales.ts
    mode: generated
    digest: sha256:17e5fb4f513732619272187501c0cb11ae2f5cdac6612e5a7c6b1ca3a52bec16
  - path: frontend/src/i18n/messages/ar.json
    mode: seed
    digest: sha256:59eafe2399f2233a8df028086cfc5c9e13e7b0fa020fe315c9f71df8a0caf2d1
  - path: frontend/src/i18n/messages/de.json
    mode: seed
    digest: sha256:64241755174327ac93e6ab6b43ffcf2760319c7e875464877d519df57792e0a7
  - path: frontend/src/i18n/messages/en.json
    mode: seed
    digest: sha256:c9ee64b9d2891645070689f4efafbbfd49eea19dfc1c446c9551a35046333aad
  - path: frontend/src/i18n/negotiate.ts
    mode: generated
    digest: sha256:46b65b3084202b261dc798dd6ab4dce975495e54b07de8aaa591f8f3af5b95d9
  - path: frontend/src/i18n/negotiation-cases.json
    mode: generated
    digest: sha256:1fa601c5ed8a782f484cc2056d5f1a6573f749b2f9802fb6cd3f016545801307
  - path: frontend/src/i18n/provider.tsx
    mode: generated
    digest: sha256:4e11f46fbbbc8bf5808e76ec28073b6cf8647977310536e0d61842a3426f9e24
  - path: frontend/src/lib/format.ts
    mode: generated
    digest: sha256:aca69be05ccf6bce32241b8ab6382de82c1b473b9ecad0ee35afc23114f9fa6d
  - path: frontend/src/lib/metadata.ts
    mode: generated
    digest: sha256:5b84dc2afb89bfaf0bf63481154b53d041546a9b74f419541a10e14564b9287e
  - path: frontend/src/lib/mount.tsx
    mode: generated
    digest: sha256:be6d16fb1c554bbbd7404939857987e10271fe57d2f90ae06f3943451995a359
  - path: frontend/src/lib/routes.ts
    mode: generated
    digest: sha256:680dab056227846a110ed08de365e67ab80f7b57a59be118f2e17ca29f6e3f73
  - path: frontend/src/lib/sitemap.ts
    mode: generated
    digest: sha256:1b45984a338a5abfe71f30b47c5eb52d3e3868c05bbf17dd22394d873f98fda0
  - path: frontend/src/lib/structured-data.ts
    mode: generated
    digest: sha256:6571d1b0b3bb4c23762734a40fa8923536f74cb31a6d4c716566fb335ca78ff1
  - path: frontend/src/main.tsx
    mode: seed
    digest: sha256:f357a829cfe4889e4952854869565ebcc6f778be2bccf34931dafbd929c131df
  - path: frontend/src/routes/dashboard.tsx
    mode: seed
    digest: sha256:c7fecbdf8bbaa8308cb0f6b87b31421c5bca670ef45e872f9d361ce8a40030eb
  - path: frontend/src/routes/docs.tsx
    mode: seed
    digest: sha256:4971d21de33d458069e44d54174e58d1782001dac870bd35ac24f6d0bc069468
  - path: frontend/src/routes/home.tsx
    mode: seed
    digest: sha256:69a52c80873b69291dbbb883bca93681f29f83ae693a4c3fb84a8e14dbc425cd
  - path: frontend/src/routes/manifest.ts
    mode: seed
    digest: sha256:bc7636202471aa6eff5359523a3dabb3f1626eb870dced5cce6d0435c1750dc7
  - path: frontend/src/routes/not-found.tsx
    mode: seed
    digest: sha256:1118fcf0d271e3b2f18eed7fe6211de5466f89fecde675f609aa2285da141395
  - path: frontend/src/routes/pricing.tsx
    mode: seed
    digest: sha256:f1b81a7d0ad9b621070021cac387ccd592eb0beb764987f664c9ae79efe06cd5
  - path: frontend/src/styles.css
    mode: seed
    digest: sha256:1429e4bab2405fa6f9032dd8928f3e2e09f192f14ac537f9a47207603be735e5
  - path: frontend/tests/app.test.tsx
    mode: seed
    digest: sha256:45adacc7858fd97f08bb1c8865eff8abaa436e02e6d5c4d4ef0f4de7d12c67ad
  - path: frontend/tests/build.test.ts
    mode: seed
    digest: sha256:fec2d9400d29d3c7584272dd7797af9473619a384e453aef122d56df4cd2afb8
  - path: frontend/tests/catalogs.test.ts
    mode: seed
    digest: sha256:a47ca2e011ee6d51f25bcefab7532fbd66c84138892d923b0e6bb67333a395e5
  - path: frontend/tests/entry-server.test.tsx
    mode: seed
    digest: sha256:1e1ea6c7776aa24af252937afba3d470bdab36edfbe157cdc6afad53263d3993
  - path: frontend/tests/fixtures/coverage/sample.test.ts
    mode: generated
    digest: sha256:6928f58dc292d4c1f4a40742e24c9e85e6f638e726a05868293b382876c2b470
  - path: frontend/tests/fixtures/coverage/sample.ts
    mode: generated
    digest: sha256:f0743ee5429cf126cb419c605315d753f10fc3d8f405129a8f1efd71b8f25e8d
  - path: frontend/tests/fixtures/coverage/vitest.config.ts
    mode: generated
    digest: sha256:862591488b5ebd5e759762e48e43655edc23c648a1967e200e7b7dd7be47380d
  - path: frontend/tests/fixtures/i18n/de.json
    mode: generated
    digest: sha256:1ac7496f33e92494b2aca42c1db1ed046a51f29a5558d4bff1a209d86e7512d7
  - path: frontend/tests/fixtures/i18n/en.json
    mode: generated
    digest: sha256:2752b4fb9f95c7c6bb16d623f041ac962afa8623be9a0481143640f5c7f8905d
  - path: frontend/tests/fixtures/strict/allow-js.ts
    mode: generated
    digest: sha256:7f1c5823a59261ab7322ca3075518cdf97177c9274acbb31fdeac7fe92ae3aad
  - path: frontend/tests/fixtures/strict/exact-optional.ts
    mode: generated
    digest: sha256:374aa30b0f4bda5740c535e1ffa8deec33108516ab994b02b520bf4b4e3c1dda
  - path: frontend/tests/fixtures/strict/helper.js
    mode: generated
    digest: sha256:a7f078aec8088b43fe2b59d116a0d5123098b2753733a248609c207839200f8e
  - path: frontend/tests/fixtures/strict/implicit-override.ts
    mode: generated
    digest: sha256:490533cbd49a6eff6154f170ef6305b973ecd9b45c2e65257254dd8035ba6f28
  - path: frontend/tests/fixtures/strict/no-unchecked-index.ts
    mode: generated
    digest: sha256:57f25949e82d8c7a5f87a65d5c3b83c2a405e15a49164ef501dc04894af47e22
  - path: frontend/tests/fixtures/strict/strict-null.ts
    mode: generated
    digest: sha256:8b667baa202bf89b098ec4b407cc79873bc21cf2534efa20b7d7a2af546c5b80
  - path: frontend/tests/fixtures/strict/tsconfig.json
    mode: generated
    digest: sha256:52debbe0a12d6a356a5ca79de253268fc8851431b110db7a9be06cbcb274699a
  - path: frontend/tests/fixtures/twins/src/a.js
    mode: generated
    digest: sha256:885a3b911fb2800c327f9e0aeb362ffb3c3ed29b6dafca4404ad69cb76687ca0
  - path: frontend/tests/fixtures/twins/src/a.ts
    mode: generated
    digest: sha256:037ecd1db38c230c248787e60fd7bfc0cb0101b187b59535b6e7483be762d350
  - path: frontend/tests/fixtures/twins/src/clean.ts
    mode: generated
    digest: sha256:b730322637cb9f46451722db3681757d5d567ad837c41484b653c60cf3292559
  - path: frontend/tests/fixtures/twins/src/nested/b.js
    mode: generated
    digest: sha256:114c38a16d612340273694b693bc6fabd16ecbfeb9009282916e78a709b14a9a
  - path: frontend/tests/fixtures/twins/src/nested/b.js.map
    mode: generated
    digest: sha256:ca3d163bab055381827226140568f3bef7eaac187cebd76878e0b63e9e442356
  - path: frontend/tests/fixtures/twins/src/nested/b.tsx
    mode: generated
    digest: sha256:4d6c305aa3866c1d56beb6a3b2394fe9dc4b3ce5f3756a2357139efefbd969d0
  - path: frontend/tests/fixtures/twins/src/standalone.js
    mode: generated
    digest: sha256:36f7ac64a5d92f3c7f44c88e326f436d32601364638b3907440d6395febe3bd7
  - path: frontend/tests/format.test.ts
    mode: generated
    digest: sha256:d86f4f069e460fd1eca02d49d838fec6d4114bbe04c13f67df521fe4094318ed
  - path: frontend/tests/gates.test.ts
    mode: generated
    digest: sha256:5beeebeb3ac52643133954a79fa965282fd58bb291a6a5ea299fc6904ea42c28
  - path: frontend/tests/gitignore.test.ts
    mode: generated
    digest: sha256:84a363844f6092e0c69a52aba34d334b7a27a1f9b7e516cc1a9b80155f159a91
  - path: frontend/tests/i18n-catalog.test.ts
    mode: seed
    digest: sha256:a1a63cdc1eaf793c404da13f3b94ecded4ce98b4e1bcaf80b9bde4e17ca69128
  - path: frontend/tests/i18n-completeness.test.ts
    mode: generated
    digest: sha256:0c45c2d2471255193859c6dd2693af489534c6f05dc5d0377ed15ea4935c02eb
  - path: frontend/tests/i18n-direction.test.tsx
    mode: seed
    digest: sha256:714830e38a8de29249f686e0ae71739771810f7b25df1a22ad5fc0ae16ee86c9
  - path: frontend/tests/i18n-negotiate.test.ts
    mode: generated
    digest: sha256:5788d3f849bcfad1542a1e8c506ac01ae04e9f5b4de268ba9bb1caf7ae74bab8
  - path: frontend/tests/metadata.test.ts
    mode: generated
    digest: sha256:823ad66ee68ec1bd8628eee919a378c31d262f992bbeaa14c40aa12b0f5fd0b3
  - path: frontend/tests/mount.test.tsx
    mode: seed
    digest: sha256:4c561ecb9fa62bcc81cddf8263e34c5db54bbb5b0c64d4e37a749ff1f93c2266
  - path: frontend/tests/prerender-document.test.ts
    mode: generated
    digest: sha256:268d7b205b32f2e51e49a0e61a3864d6cac086967e6ddff3218ff6a1ea44b03a
  - path: frontend/tests/prerender-run.test.ts
    mode: seed
    digest: sha256:675719dcbc05764d6a29f80b2c263565ec74caaf00a5334883eaf98c07103e69
  - path: frontend/tests/routes.test.ts
    mode: seed
    digest: sha256:010df7f3831172ad080f5af244e5298dcadc008e89776bf7fdba28c0a1bdc1d9
  - path: frontend/tests/run.ts
    mode: generated
    digest: sha256:33a479478b82f94c3251d188ef6ae62ca50f98ad7de3629033b35f68a8d35859
  - path: frontend/tests/setup.ts
    mode: generated
    digest: sha256:417ead70b06f13e51ce04d8c7dd32191ea3c7ab4d2bf21b9ca3611820dd22dc7
  - path: frontend/tests/sitemap.test.ts
    mode: seed
    digest: sha256:a486325eb985270dd7b8b6c90d0d669bad37a7cd5bdf0fd8b1eb401ced82210d
  - path: frontend/tests/structured-data.test.ts
    mode: generated
    digest: sha256:655d32d7293255215d61949066fae293e1ce8b3495574fae2f9b6747cf339c98
  - path: frontend/tests/threshold.test.ts
    mode: generated
    digest: sha256:e016ffecb5b2899ea71981b0c55159d84bf07e61fd3be6e7d743609ae494b055
  - path: frontend/tests/twins.test.ts
    mode: generated
    digest: sha256:43e26bb2bd55de3dd2700a854e3b110dbc9c9c7b1cafad253f6583bfc9c12d7d
  - path: frontend/tools/catalogs.ts
    mode: generated
    digest: sha256:40e5f758be797cbb1a4bcb99105da0ee6a92b7aa6ea86367dd75ab578222b0f0
  - path: frontend/tools/check-i18n.ts
    mode: generated
    digest: sha256:28c5bdba3329ddbb7a61b100f4bcfe04472b923bd546c514335ba83e2d4d1535
  - path: frontend/tools/check-twins.ts
    mode: generated
    digest: sha256:3178523f5913e5129332f613aa36852e64fdde773d8bbc3f7507a8dd771d5b65
  - path: frontend/tools/threshold.ts
    mode: generated
    digest: sha256:990681f1e85a31f7c2f3b7f59011dd6387081085f1a07aa7f8127c5682da4048
  - path: frontend/tools/twins.ts
    mode: generated
    digest: sha256:d847610414253c2e1a983e16bbf7e15eda9cdd5d57d4b699afdfbedae2ebdc98
  - path: frontend/tsconfig.json
    mode: generated
    digest: sha256:7b62e1c0a2c547b8b768d51cacab3fcd0079c7e9db5d326c2ae6615532a0db6f
  - path: frontend/vite.config.ts
    mode: generated
    digest: sha256:e40ee4c8ecf1846f1425fa60ed29c597df1cd9859cc9f848400b889b3b0c2798
  - path: go.mod
    mode: seed
    digest: sha256:c825502a6faf1c9af99c5cb52fba65cdaaa70825620b9cf747b023013adea1f4
  - path: go.sum
    mode: seed
    digest: sha256:fa57a4a29d7c2831c118036278d3cace5206cb7d5cacaa1b0de1a8e8c5a1f236
  - path: internal/auth/anonymous.go
    mode: generated
    digest: sha256:75b5210195b82ccd8ba509f91aed42bc5df7cd5fdaab2271fdcee96b404bb1f4
  - path: internal/auth/anonymous_test.go
    mode: generated
    digest: sha256:f29ebfe2a744b977d404191076b7f44bc8f97860fa2f4f6bd2441e5129929903
  - path: internal/auth/auth.go
    mode: generated
    digest: sha256:00a3e155d6b2626747d7767097f4441d72fac74a705c571028f20cb6611d5af4
  - path: internal/auth/auth_test.go
    mode: generated
    digest: sha256:94b89e235a0913a539106165108163b674fd53cdc987a52504024133ee51e1cd
  - path: internal/auth/authtest/conformance.go
    mode: generated
    digest: sha256:5012c91e1705a903e527c99a0b21ed1cf813da07bb4747692efa11d9bfc2ff24
  - path: internal/auth/authtest/conformance_test.go
    mode: generated
    digest: sha256:f1984d277b738242dd572380150078e7d0b0da63b10c83a9a6c46d09d8278b85
  - path: internal/auth/bearer.go
    mode: generated
    digest: sha256:6f010ab01d16fb3e595b5a134d5e564c4ce16e894e555022310eb52806852ea3
  - path: internal/auth/bearer_test.go
    mode: generated
    digest: sha256:8daa58adbd901eacded828bc6509aafde7bc871a7e51e24e68f585048967fda1
  - path: internal/auth/deps_test.go
    mode: generated
    digest: sha256:75e169075f5db956da43a68ab178fd2c7c5e6f56b71a8914a519ca0427c585ca
  - path: internal/auth/policy.go
    mode: generated
    digest: sha256:9cecd887c892bccffd281cff91baeb4e28fa6e1088eb312534a768fb95e442fc
  - path: internal/auth/policy_test.go
    mode: generated
    digest: sha256:6d66de3232bd434c0bb49dec1eeb4a01bcfcbea73fab5c7a6e39aa4cb27e0920
  - path: internal/auth/scope.go
    mode: generated
    digest: sha256:26725d7715d3f02b124a0bc9ebf848391ce8bff52405e8164097b787c3eac3e0
  - path: internal/auth/scope_test.go
    mode: generated
    digest: sha256:0c66448eedb352b19540132efbbde04ff0b52602448d9a2e7abed5b763db83a8
  - path: internal/auth/secretcompare_test.go
    mode: generated
    digest: sha256:aca7a6bb644eb647f675575372f7bf0ac101082c663fc45dc8a3d0249d3870de
  - path: internal/auth/statickey.go
    mode: generated
    digest: sha256:8080ec1704539492a5907f4f0919d3cf5d5aeaf2b27e77e88f89fbc396abd5b6
  - path: internal/auth/statickey_test.go
    mode: generated
    digest: sha256:a7e0b47a01711edf3594007028e23b6825e5962b3fc2cf44503968aef7951bdf
  - path: internal/auth/testdata/secretcompare/compare.go
    mode: generated
    digest: sha256:360317f4a2342e1cfdc58a8108a5f93a0081c64ff7810a52be77ec171d63749e
  - path: internal/config/cmd/envexample/main.go
    mode: generated
    digest: sha256:67c60d8f836a5ab9bd9afd444b1f53765d9c7356d702d6a28ef629fa6a2cef42
  - path: internal/config/cmd/envexample/main_test.go
    mode: generated
    digest: sha256:7dd5461ea3a92b344e1bfc9550e0a39ed620d5b668241c011840fa0a879181f6
  - path: internal/config/config.go
    mode: seed
    digest: sha256:a361457c81b42326615a7136ffec42a19e61b56d245197ecff30283ad5faa000
  - path: internal/config/config_test.go
    mode: seed
    digest: sha256:b29c07033c6e64b3978910e0d595d13d7a8e2ac4454a9eb6b162f1a3f8b69986
  - path: internal/config/envexample.go
    mode: generated
    digest: sha256:de0a95136e6d6f92e42916b559ea1d50e9defef2ccac3cfd336a1945ddffe660
  - path: internal/config/envexample_test.go
    mode: generated
    digest: sha256:32059c9cdad5e7585355653d201d65c11baae1fbd39e3f141a0addfe7809cb5e
  - path: internal/config/load.go
    mode: generated
    digest: sha256:e171b0e47a2464421f46c388c9dc986f3d62f2f2f76c64e433aeabd11ec39dd8
  - path: internal/config/load_test.go
    mode: generated
    digest: sha256:aef4aca3638d617ae0bbf5713c632609b6884b89ac064c87db57413fd4ddde98
  - path: internal/config/secret.go
    mode: generated
    digest: sha256:febd717776e0ddb9d6ae61f422e25c151a73c8d11ea812f50592f3a408710668
  - path: internal/config/secret_test.go
    mode: generated
    digest: sha256:a05bdc6ee11f31ea1ea855eedb61182cd389d54414009f222ceac3937103e42d
  - path: internal/deps/deps.go
    mode: seed
    digest: sha256:7602beaec029a622d63038c72cd0678dcc54f7df0708602528ebd8b655d6c9cf
  - path: internal/httpx/accesslog.go
    mode: generated
    digest: sha256:ed0cf4346c8cfd20d5678a23eabfbef2260d896732c033feba2a62761dcfcb56
  - path: internal/httpx/bodylimit.go
    mode: generated
    digest: sha256:a4fcc10d7fb9164b0e74490fd77166a6879df9218ee880506bc4edee1c4f428a
  - path: internal/httpx/chain.go
    mode: generated
    digest: sha256:8e1919bdef84a9b8b7f584f09ed325a1e684d6d20ca08729d072e18ce067eb4a
  - path: internal/httpx/chain_test.go
    mode: generated
    digest: sha256:12cc2334f38c710134bf389c05c5162cd41c1f6ae03477f86fc54b2626739b3a
  - path: internal/httpx/context.go
    mode: generated
    digest: sha256:8a66c218139723b4b2371ff7e4726c3dea1dc1b2fcb1a82dfd55d303354833d7
  - path: internal/httpx/cors.go
    mode: generated
    digest: sha256:214242304e457f9eac75ae4b5569e599687d6b1773c5587399af08b651fa0db9
  - path: internal/httpx/metrics.go
    mode: generated
    digest: sha256:41cf740f1f0926f5e6acebe973a7770b8fb52fda978dd431fd7640feb06be34c
  - path: internal/httpx/middleware_test.go
    mode: generated
    digest: sha256:17c18f6691ddd677d6f02b6978d63416bc94c0cc064a0f1c8b08e396358599dc
  - path: internal/httpx/ordering_test.go
    mode: generated
    digest: sha256:7e0589201abd1756678310077f1b5f1da0f806bea0ddf1f577d559d465e0fbd1
  - path: internal/httpx/problem.go
    mode: generated
    digest: sha256:bde6f04f85386df6a3b59c0ae9b859b2667284983b7298598c5bf23bac50dbb4
  - path: internal/httpx/problem_test.go
    mode: generated
    digest: sha256:9a7ab2b0efe42ef863430171fb69e3c6b6d3a606b2cc092bdebdef33d3eb9c48
  - path: internal/httpx/ratelimit.go
    mode: generated
    digest: sha256:fbfdda6fbddd933567b1d106975e53237adce65cdd472bcb7bd285ee81837254
  - path: internal/httpx/recover.go
    mode: generated
    digest: sha256:30f8d68c00e10a5b60e4527030e3f91c4ad747fae910f7cddfa67d75b7a14abd
  - path: internal/httpx/requestid.go
    mode: generated
    digest: sha256:a7c53c04149313cf60b9e34a57507ff3153dc9abab372c937b331cfd9e8a83ae
  - path: internal/httpx/responsewriter.go
    mode: generated
    digest: sha256:faa59fc92bad39077422d05e35d9fc2f7a067a6d66b4f7e6ccd95e03c3285318
  - path: internal/httpx/telemetry_test.go
    mode: generated
    digest: sha256:e5f278299b75e8d305e0e95578baf5cdb1662d1c03c2953523eec615553ab317
  - path: internal/httpx/testlog_test.go
    mode: generated
    digest: sha256:6c49b65148ffd3b9b6b0191d8b7cf00139e58a4f8fcc442745bfe52ca58e4578
  - path: internal/httpx/timeout.go
    mode: generated
    digest: sha256:65be28e1e7528e3d73382f06957bd264c424f4f8a144289d1247b8bc19ce345f
  - path: internal/httpx/trace.go
    mode: generated
    digest: sha256:0925dc0c332d62eea38debf910a65f6e0a031377ba4f7c4e50e3c323b9c2e1da
  - path: internal/httpx/versioning.go
    mode: generated
    digest: sha256:73b8fb0adcc2daceb5d81e27e006debb04b2ce2ce4a254590297ad50badeaea9
  - path: internal/httpx/versioning_test.go
    mode: generated
    digest: sha256:1ce2847f2380aae71877b8d90c69f3120ad578822e7fd2bf183f0b790cb7dece
  - path: internal/httpx/writer_test.go
    mode: generated
    digest: sha256:9d3ed4f4ad0109f1976c2f83eddc7718f067d08f4dcd8a03960226a930043fc7
  - path: internal/observability/harness_test.go
    mode: generated
    digest: sha256:70856b0a7a334e3603d1534447e5356dae5bb1a0549b64f64fffaba27c7bfc2d
  - path: internal/observability/logbridge_test.go
    mode: generated
    digest: sha256:baffcfca7f332136757e78be891f1da2264be2e123f9da1e2d3db5d30659fd65
  - path: internal/observability/logging.go
    mode: generated
    digest: sha256:ee4097f80473ac29c9b501e27e2f2ff66a6001b81040b00f12b98f7173bb8ade
  - path: internal/observability/logging_test.go
    mode: generated
    digest: sha256:2fba9629f8a364954a97cefd7ed7b87471415d4462cbc523431ca9a91d8866d3
  - path: internal/observability/metrics.go
    mode: generated
    digest: sha256:c4990bd8a7dddad1dce153fafbde7bdffcb2e06f9d9096e730ee81517ff8704c
  - path: internal/observability/observability.go
    mode: generated
    digest: sha256:13f5d8926ff8a5f6eb7bd9d0f9c4eae15920eb77fb9c421b45e02ff8ec951ff0
  - path: internal/observability/observability_test.go
    mode: generated
    digest: sha256:f83f56f3f91d08400c6be0f2994ffe59904c6d91c83ffe54f673bff2b28ef678
  - path: internal/observability/resource.go
    mode: generated
    digest: sha256:aa836c749bf316f2abcddfbe17881c9c8fefcba2e92415b0f1174873221fa654
  - path: internal/observability/resource_test.go
    mode: generated
    digest: sha256:aa752d16c4d5f32ba4876e9c47ce99e80e5f9e4cb96fe96469281d047fc517c9
  - path: internal/observability/sampler.go
    mode: generated
    digest: sha256:2dd05de1629ff6b52817b37e6c5f5fe3027caa1b80bdb6d7e2199579f59785e7
  - path: internal/observability/sampler_test.go
    mode: generated
    digest: sha256:0e821ca752b1c580b873acb7e606c056b6e6bd9b081e90f7acb83c8fce1e7970
  - path: internal/server/config.go
    mode: generated
    digest: sha256:5ae110bcf3930e173fe3a8416ec2dc0dada2a7b8c896007f7b99974ffabb6f7b
  - path: internal/server/config_test.go
    mode: generated
    digest: sha256:617d9d29b3fff0987c2a09921e8aac89e9aac68e8401fe8f143cb9a7f9ccb2e5
  - path: internal/server/harness_test.go
    mode: generated
    digest: sha256:41a483b2d011922170471e710686898e3cb62aace2eba15490d99c8629a5107d
  - path: internal/server/probes.go
    mode: generated
    digest: sha256:4a92639e9abf2f76a66799444f19dffdc257f81d5c2b32710fcb41b58e5e1155
  - path: internal/server/probes_test.go
    mode: generated
    digest: sha256:4fd53cba02d5e780e3c6e0ee9eecceec2e28e24503c8acdde9705f2dda42997d
  - path: internal/server/server.go
    mode: generated
    digest: sha256:9b27afbd9a3ce539754327051574e4899a28905dd0073210b7253b40d5b1a964
  - path: internal/server/server_test.go
    mode: generated
    digest: sha256:cd3139bc6274a0a492336eb92655e238020bb3698f91392eaf4751cf6764d271
  - path: internal/server/signal.go
    mode: generated
    digest: sha256:11d5418478b283feba68713ca458cb8b4e12a593119ff46f0d636308bce4e583
  - path: internal/server/signal_test.go
    mode: generated
    digest: sha256:3d14b91935104f9948d6cd50e0776e4673a50cefb6248213548a8c51d28d4118
  - path: internal/store/cmd/migrate/integration_test.go
    mode: generated
    digest: sha256:6dafef01b71f781aac8c9259237c908276326062c93182b9a6d33d366c7c6851
  - path: internal/store/cmd/migrate/main.go
    mode: generated
    digest: sha256:9e8e48ee7b790e42640c4416982c7b143840d58098565ad41dc7f4bc7ae3c1f9
  - path: internal/store/cmd/migrate/main_test.go
    mode: generated
    digest: sha256:ed90fe7ae7905cd1e01f258971cde07b403d7ff2724e6cbedac1f6c385ff338b
  - path: internal/store/compat.go
    mode: generated
    digest: sha256:60f2557d149b8aeb8e930b617714c7cc29009a5e42588178b3a3252125f8d520
  - path: internal/store/compat_test.go
    mode: generated
    digest: sha256:e6bc39890c1938af1c0beabf64fac861685e55bc6976597d685c419a6b16e60c
  - path: internal/store/integration_test.go
    mode: generated
    digest: sha256:62460aa2982e6e86793324bc1da7bcdffbaee3ea53b45e361f3324310adb64fb
  - path: internal/store/migrate.go
    mode: generated
    digest: sha256:a75a5b109b0882b6cc9910b7625a4ea2d83be926edaccc80d3450bec0fe623c4
  - path: internal/store/migrate_test.go
    mode: generated
    digest: sha256:1fbd46c42c94b11b7957f5a3150a41ef69a27f002e27a09f34da9d6213249b0f
  - path: internal/store/migration.go
    mode: generated
    digest: sha256:600f32333421c80a2d0705db4d1d1d0fac6a332ca7e440ecbce0700830937031
  - path: internal/store/migration_test.go
    mode: generated
    digest: sha256:96b9c62eb8867b74caee33289e5ee111d3ba4cc8ecc4dabb788975f85c90f39d
  - path: internal/store/pgxmigrate.go
    mode: generated
    digest: sha256:268553bf03f6d83be2939c2ee27d9d1cd71e5b15ed96a387f14eb32729cd4e5b
  - path: internal/store/serving_test.go
    mode: generated
    digest: sha256:8c1fbc16287c8987e5987cf3ce493c0926906db79dffb86110354e082c8c65a1
  - path: internal/store/sqlparse.go
    mode: generated
    digest: sha256:acf2bf9ed33364e925f1593e3628fad0e116cf5a12e3c100535b852d6cf5790e
  - path: internal/store/sqlparse_test.go
    mode: generated
    digest: sha256:18389a716d3e77258c05492cba2308e530075228697290c35a5f9ed0c682d1f1
  - path: internal/store/store.go
    mode: generated
    digest: sha256:0d0936ec797b52b7e12966b1459efb8c5176b4d27fe7bcb02e41ab814266d26f
  - path: internal/store/store_test.go
    mode: generated
    digest: sha256:e4348f105f85e5e84f87953ce69d1712efa49fd7986c8ee2e0b2f708c69522b8
  - path: internal/store/testdata/serving/main.go
    mode: generated
    digest: sha256:df45cb896c195f6801856511f661295718392d72ffb61a4462f3cf0ff6caa8e1
  - path: internal/testsupport/dependency.go
    mode: generated
    digest: sha256:d9ca6eb2c56e071dd47f9a33bc6dfe209b73fa22d6dac8921e27fc4c8ef9659b
  - path: internal/testsupport/dependency_test.go
    mode: generated
    digest: sha256:df97cd8d9aefa0dea21afb9b7002846e635c51f9b75e4d672294c4cef6054685
  - path: internal/testsupport/githooks_test.go
    mode: generated
    digest: sha256:6cc8790243215167f8dd0e159d7e7435f00e276fb1d51db83e402813822adb00
  - path: internal/testsupport/lintconfig_test.go
    mode: generated
    digest: sha256:ef423317c99f14c3c94f1a405bc470f93e153be1ce1c218b94b1c39007dbf441
  - path: internal/testsupport/racegate_test.go
    mode: generated
    digest: sha256:7132b27a845a5718e3e63ef328ca9e819c988f650ac928e99f0e14014d11eb82
  - path: internal/testsupport/testdata/lint/go.mod
    mode: generated
    digest: sha256:37add1164af71ae18e557ad0cf73e7a49125224cb232306bfeaf223cd8983d0c
  - path: internal/testsupport/testdata/lint/internal/handler/handler.go
    mode: generated
    digest: sha256:c250df0a0b0cad24539e10c4d28936142a90356b2a04da026e45b866322bb92a
  - path: internal/testsupport/testdata/lint/internal/store/store.go
    mode: generated
    digest: sha256:d0bb470a20dda8b2f9f361a229ca5d5fb1217b74971c1e41fb1d5b16864e5c7d
  - path: internal/testsupport/testdata/race/go.mod
    mode: generated
    digest: sha256:e639833f1f963a8b8c86728172f1019eeb6bf6f3bb4bdffd803b5107bf70a762
  - path: internal/testsupport/testdata/race/race_test.go
    mode: generated
    digest: sha256:8a2678f8760857ba4367ca706025345cd87d6777017c3c4765096a08c50a4c41
  - path: internal/version/version.go
    mode: generated
    digest: sha256:a3f89cc3d67dd9900529030c6ffcff526d478d550bdc80dcf0a1e433a10fc953
  - path: internal/version/version_test.go
    mode: generated
    digest: sha256:1084a15536aef8d2e0ee338547392562207a803d56477e0e5813732e1c81adf0
  - path: internal/web/asset.go
    mode: generated
    digest: sha256:5a8f47c3187817266b7e73a6bf6f891471ccfabdd26c63dcd2c7172a0df23c11
  - path: internal/web/asset_test.go
    mode: generated
    digest: sha256:ecdf160f0e3adf029d15bcabc1f559c28448a01e2b797665af0c46c55d3e23c2
  - path: internal/web/embed.go
    mode: generated
    digest: sha256:7e0f767dbf5ddbbece46cb2035cd6842ae150af5f05efc2bc5902554ca9869d9
  - path: internal/web/embed_test.go
    mode: generated
    digest: sha256:f3e54e613f39dbb86f50bd41652ee3e1855f167a62fe39d61057fe8ba748a938
  - path: internal/web/public/index.html
    mode: seed
    digest: sha256:5d17dc90db7309575c7f5aab74081378b32131a70c4b02a8b80e8705e8b93239
  - path: internal/web/web.go
    mode: generated
    digest: sha256:943e882c994b18c7639f5bb4c63ccd54df7de60e7f2551b9d36fbe8ca93d5f19
  - path: internal/web/web_test.go
    mode: generated
    digest: sha256:2a6013fd198abde4ea139a13efde099c9dc1155a0b847b1989ddce490b7e4ca9
  - path: internal/worker/backoff.go
    mode: generated
    digest: sha256:de9eccf4020c3aa789eae61060c623b4c764e4e8f5f284579e1982b0256884d4
  - path: internal/worker/backoff_test.go
    mode: generated
    digest: sha256:6a7a0bfdac4d665ff7ef4c84211464dd644db345f3d8bb563967024429a9fefc
  - path: internal/worker/clock.go
    mode: generated
    digest: sha256:6caa01e58003246a3074f3e46cd3490937614d4101949dfa7c0555b60f580a29
  - path: internal/worker/clock_test.go
    mode: generated
    digest: sha256:c4bc753ac229bca481fe6b08acc6e253a6b371a1528502bf8990f5f348d970b9
  - path: internal/worker/lock.go
    mode: generated
    digest: sha256:38ddf2bab7b33f4a54e84437f76d7c4355effdc3d5dcb24caf09aad3f1774eea
  - path: internal/worker/lock_test.go
    mode: generated
    digest: sha256:2a59cd7d65d123b5fc03cf83c619a9a15d9913456b5c48e80b245579e0302e6a
  - path: internal/worker/mode.go
    mode: generated
    digest: sha256:9fa9003f95a74280575abc0e711136c112895db738027185f281d6010fdc8254
  - path: internal/worker/mode_test.go
    mode: generated
    digest: sha256:00d2cc94389fc7e6c87f907406946f7e78098c73b66d9aef2ec0986566015c74
  - path: internal/worker/queue.go
    mode: generated
    digest: sha256:cb346006af865f7b376957fb72e23b703cbfa040474f4767ebae4c1c709f0657
  - path: internal/worker/queue_test.go
    mode: generated
    digest: sha256:821c71412bc389d529c8814483e4fe2ed88049131323fce28db8c5f925eae562
  - path: internal/worker/runner.go
    mode: generated
    digest: sha256:bdeff8d319cb7a180aa0fa3889e27304d6afcb79b5fdccabcc24bee54524cd47
  - path: internal/worker/runner_test.go
    mode: generated
    digest: sha256:45a005288b81a8aa590355c51fd9cc9853ea427fe48fb8c53ff595d6cd5a87d7
  - path: internal/worker/telemetry.go
    mode: generated
    digest: sha256:7a20d149d0ca1e37d4ded977d59c19edaac2a130218691965396960ad9cfbd04
  - path: internal/worker/telemetry_test.go
    mode: generated
    digest: sha256:5af85f560c3432ea5a63062562b17cf3d6e555300de3f85172c27998ff093dae
  - path: internal/worker/worker.go
    mode: generated
    digest: sha256:41b7f8249506dd8ee2a49c175a3ce57860c58b9c629121ec1c0645b6baa42a86
  - path: make/config.mk
    mode: generated
    digest: sha256:86b54e8e1e27f7a3bcd7acec65ee20313ddf0e7c7c555bcc5c99b783d83ea08c
  - path: make/core.mk
    mode: generated
    digest: sha256:69ca617954fd51f1e8ce458f6e668d05c0315a14c43b15f7e27c8db6725d0b10
  - path: make/dev.mk
    mode: generated
    digest: sha256:fbc6113aa52a626a9d01904b7c1dd015578007ec6ba0a5e5cad423e2a4ed4f47
  - path: make/frontend.mk
    mode: generated
    digest: sha256:1c39ce34a4e90b7d56c877328013d835721acfc195a8a1ca4d21f585170152f8
  - path: make/settings.mk
    mode: generated
    digest: sha256:c0541aab3371557ecefd78670bd262801c3a00df0f9cb629d3669502bd77bd17
  - path: make/store.mk
    mode: generated
    digest: sha256:b0de757572a7bb3c188fed17677b3d408b4e5d16f83aa49a648e3ab35760ff85
  - path: migrations/0001_create_users.down.sql
    mode: seed
    digest: sha256:03e51d0591e5a54aefa7315d1d5c2f697104defbf6b9183d4b5e30b577a4974b
  - path: migrations/0001_create_users.up.sql
    mode: seed
    digest: sha256:13cd141267636c10dfc6c3be0e402bf586a819fc8cf471305f3c7155c18cdc7c
  - path: specs/001-service-baseline.md
    mode: seed
    digest: sha256:24c579541f4dd93e92778333b898199e9a6d5fab8786339e58b354f1851a524c
  - path: specs/README.md
    mode: seed
    digest: sha256:e1d18dd76477b2ef1928238a8bb5a20b40b0d62405b7b329f7e0d0ff024555a6
  - path: tools/assethash/main.go
    mode: generated
    digest: sha256:eaa164dc5ec97dd43f5f2dcef719e0d25eedf22d3fbc81afbd6d79577c5d0870
  - path: tools/assethash/main_test.go
    mode: generated
    digest: sha256:62d9890af0e8204ca14c4615064de393651fb400c2f82799f55adb9a418fe5aa
  - path: tools/docgen/apidoc.go
    mode: generated
    digest: sha256:c068612e95063f2279957b6d805ef39013ec0c7a695b9b844328a12dc7bfe13d
  - path: tools/docgen/apidoc_test.go
    mode: generated
    digest: sha256:80766af8925ff7b4b3ab1a1b4d129fff4f89823d5114e32fb9823be84ef9a758
  - path: tools/docgen/compose.go
    mode: generated
    digest: sha256:c83881cc36105a072bea0d92d6d276f2eb7479cdc03027355b833d370f09b5bf
  - path: tools/docgen/compose_test.go
    mode: generated
    digest: sha256:5dde13a5e18acaa0f1152e34f8d2d45b1408072caeb78a5c3ec3163a3a83f2c9
  - path: tools/docgen/configdoc.go
    mode: generated
    digest: sha256:335587402cede8c6592888de9270eab307c88fc8ed4315713aa0c7d600b8eaf2
  - path: tools/docgen/configdoc_test.go
    mode: generated
    digest: sha256:f6046ce0bf4dc1f2072a986dd5e449c97e064653671eed8b8f1b29b60bd6107e
  - path: tools/docgen/devenv_test.go
    mode: generated
    digest: sha256:cccb78a15b58c7cdc46724903079d0e078bbaf7979c899850063df8c343603ef
  - path: tools/docgen/diagrams.go
    mode: generated
    digest: sha256:c567d83fdc6cf95287c97ea4ffb8a7bac53a3a880cefad25e5fc063eedf7c9f6
  - path: tools/docgen/diagrams_test.go
    mode: generated
    digest: sha256:71e31abde07d58b2c03ebfe1a91067a2de94ab77cd0a98ae150d7d4f8061ae9b
  - path: tools/docgen/doc.go
    mode: generated
    digest: sha256:e8ee76078c670a9a08f5ee10eeedfc593263156672008556d5fd06a25b0cbc17
  - path: tools/docgen/doc_test.go
    mode: generated
    digest: sha256:555ef6d6a01ea7a26b61c92ce68209c9c881236013e5c8add7c4e77a6ed34b18
  - path: tools/docgen/links.go
    mode: generated
    digest: sha256:fc33236dd7683596c8e88624f2af4e3111bb5eb86c896b98b6848f9b2afeb083
  - path: tools/docgen/links_test.go
    mode: generated
    digest: sha256:bbfbc1ba1be52b99b3d6bbbf4d28e99eb0e9ce0f557ccfe8105af775a60c312e
  - path: tools/docgen/main.go
    mode: generated
    digest: sha256:0155cb25d9bf9a5e804abe7541e0644e371e31957069c9b6dc00c2343938dbe6
  - path: tools/docgen/main_test.go
    mode: generated
    digest: sha256:8c8c19abc1cb422b8847e5c9d7ae82c54e044c17f368c6971c33ead006028759
  - path: tools/docgen/markdown.go
    mode: generated
    digest: sha256:c1ad6c64743055690705fb9e091a3e1e4f1bc62caddf23f4b6ce7504bdb720d5
  - path: tools/docgen/quickstart_test.go
    mode: generated
    digest: sha256:c7c632953e6dd9f2ad5f663b8be4884097b291acdd809a7f54a39dd4b7913439
  - path: tools/docgen/refs.go
    mode: generated
    digest: sha256:89d238241375e840cea52007a4aaef6c5f695de70292c377afbd69947e025a1b
  - path: tools/docgen/refs_test.go
    mode: generated
    digest: sha256:a00bdb8a942799c57ded90e7d3b1f5ddf8f15424061d508c7650e2700584f311
  - path: tools/docgen/render_diagram_test.go
    mode: generated
    digest: sha256:a5d592d45ff14f955fb66c31073d61a5fe2ae4f2c3edba112d97f73c4621fb15
  - path: tools/docgen/render_test.go
    mode: generated
    digest: sha256:78d3378453c7d25cd52113f776c9c05299649ed2ccd696065d964ddeec6459d6
  - path: tools/docgen/stack_test.go
    mode: generated
    digest: sha256:228da3ab7e64bb46d0285ef38285f674f032b5f0f4b8137ffe512d8ec7698ce8
  - path: tools/release/deploy.go
    mode: generated
    digest: sha256:dac039856cc4cb79596ce6f12c672bfec1986810c0d686e1440c8d74f168ded2
  - path: tools/release/deploy_test.go
    mode: generated
    digest: sha256:757eb191a0e188f7b3e71bd116a358c152a0942b92808abd0411cc2940f8dd4c
  - path: tools/release/dockerfile.go
    mode: generated
    digest: sha256:e98addeadb9783a9badf7e2d68e806f45fa455f82b375fba1155854e438dee98
  - path: tools/release/dockerfile_test.go
    mode: generated
    digest: sha256:2419b51f15909d6824ce251fde9a9cdfc34e72e23e27354f291a4eb24d4aa6c1
  - path: tools/release/evidence.go
    mode: generated
    digest: sha256:958814659587e940d537613e38eab256fe261d9e40a98026151a75feccc1cc86
  - path: tools/release/evidence_test.go
    mode: generated
    digest: sha256:b488c65d301e6e412bc74dbdbe43c25a556d22277dc97592362a6074a47bcd63
  - path: tools/release/exec.go
    mode: generated
    digest: sha256:f0f7ba46f8b41b2092256e7fc6b11bcbc8cfd103a2a05fb23d3c39bb22ebf08e
  - path: tools/release/exec_test.go
    mode: generated
    digest: sha256:4251b29507750c316c42de7c29b57b12abe0280e959838b64c94e68915546ef8
  - path: tools/release/gate.go
    mode: generated
    digest: sha256:46420458bb0c68de16a57fb9b5420ffe23d69074c905395aa252913b21f878ba
  - path: tools/release/gate_test.go
    mode: generated
    digest: sha256:cae7f0979c6011f489c3a35e3be51d75166dd2520700e344eb6294070438f3b2
  - path: tools/release/git.go
    mode: generated
    digest: sha256:a28d485c5a3d29397dfaa4c5dc86053621b4566ee587e324298fccffcfa5a10e
  - path: tools/release/git_test.go
    mode: generated
    digest: sha256:91ce2755a600cab47073a7c323101c61c275bfd87b3708b2357b3bbe5ad65c3b
  - path: tools/release/helper_test.go
    mode: generated
    digest: sha256:0b2c31d26154f4b5d8726fc9a47ee50cecd9026ff0a95b14d2ae8f35beab54ae
  - path: tools/release/kustomize.go
    mode: generated
    digest: sha256:56388ff442376f542b3319633ed306ed6a330f49a24b98fb6661ab5a6c7deb69
  - path: tools/release/kustomize_test.go
    mode: generated
    digest: sha256:5c119b8cb9401eca60b281bc43c34270e4820e9540825a3ae07a3898cd3659bb
  - path: tools/release/main.go
    mode: generated
    digest: sha256:25dea94fc09426904354b5ec5271b3d8e0c4d4729383e5a6be9dbab8a3325ec5
  - path: tools/release/main_test.go
    mode: generated
    digest: sha256:d6c8532b69576557c6dbf00eb3f6ec8b1d22554299534218e7b021130d1835e6
  - path: tools/release/marshal_test.go
    mode: generated
    digest: sha256:7d5f5b3d4e876671bad44dc3a75711228e4bc09ea71578fcf2dd502f92f27109
  - path: tools/release/pins.go
    mode: generated
    digest: sha256:08325e6e2f51e21f36d5f5b15e2873b3f86976f865eb476883e85895e08d2134
  - path: tools/release/pins_test.go
    mode: generated
    digest: sha256:f7b435c12d86188bae9676aad42fb4173c9148435cc2d03bb2595d8d31959637
  - path: tools/release/preflight.go
    mode: generated
    digest: sha256:7a9a2da120b14d6da564328a0c48c078534844d6ce73dae7b5be9c64588365b4
  - path: tools/release/preflight_test.go
    mode: generated
    digest: sha256:483408a3761099aec86910ead91dd9a34982651c177a1241ecf0531037b27fdf
  - path: tools/release/rollout.go
    mode: generated
    digest: sha256:4ef452122fee81fca6eaaa4519667c06aa1b17e822944d8618fb2e7e268fedd1
  - path: tools/release/rollout_test.go
    mode: generated
    digest: sha256:51c6fb640fc91fc1641bbdbe7ae4c147bf67230031075b0838e6c093302ffe6c
  - path: tools/release/secrets.go
    mode: generated
    digest: sha256:8deb5122bb18a42cea691f0ecf75ddb1cd192e3189643c12cd4170ab81d2c150
  - path: tools/release/secrets_test.go
    mode: generated
    digest: sha256:a6d0b0c11c97456ac4bbff2358e5147cb15682a9cc684d810c4a446560e548ff
  - path: tools/release/tag.go
    mode: generated
    digest: sha256:f4bd1cbafeaafca2f3ec29abacae2b7439fe671f419f4614624c82b9f3b84e5f
  - path: tools/release/tag_test.go
    mode: generated
    digest: sha256:a7fe6f7f27056870ca12899228cdf29c4bf673dac241fd0e58f9854e99e7c714
  - path: tools/release/version.go
    mode: generated
    digest: sha256:8f23f8d079fc30a7900ed1cd000c8be16c3173ecfd379129d9eb35048d3071b7
  - path: tools/release/version_test.go
    mode: generated
    digest: sha256:2474baf4a5b656299eb4d616bbafcebb5b8ddee97be2fbd1d3cea7e215e368d3
  - path: tools/settings/apply.go
    mode: generated
    digest: sha256:1a5bc169057f98fe0797a8cb9598ce70037b13fb0d9bc9bc6fe7639b7846b800
  - path: tools/settings/codeowners.go
    mode: generated
    digest: sha256:aecac9e5139ddeeb0830c0d156ca265345bb7e9cce6cd8a14eb9a7c0ca4ef29f
  - path: tools/settings/codeowners_test.go
    mode: generated
    digest: sha256:1466a73e813a82f23ec5043c2e600047ce7047acb6a7bb148f55f88d6a11c6e0
  - path: tools/settings/declaration.go
    mode: generated
    digest: sha256:4bf358a809f89ba0475b63686eead551acac941b78be5a41caa5444681609f2e
  - path: tools/settings/declaration_test.go
    mode: generated
    digest: sha256:6b7fa2501d07c122d609bf56310a8ecab6d44e39d27f418f69a88b23b0e71440
  - path: tools/settings/failure_test.go
    mode: generated
    digest: sha256:3945aab93aa8ff47c120726f093433e28b7096bc24ec549a7d22b69330a4c4ba
  - path: tools/settings/github.go
    mode: generated
    digest: sha256:1c8c52943001e011a2d7f93aa6862be754a392adbcf9497a245fc3c19efd9d45
  - path: tools/settings/main.go
    mode: generated
    digest: sha256:f2fccac091be3b49b7fe3bec3a090caca7d5c15540df4d69ba9291fe6a1f00b3
  - path: tools/settings/plan.go
    mode: generated
    digest: sha256:98719e22dd730815f4fa3fcbd48f37075c1a74e1c0a893cab54472fe3c6799e1
  - path: tools/settings/settings_test.go
    mode: generated
    digest: sha256:2469196ab0569020a0e71db9f74f9d539004ee8059c68de160c3791b4ac57816
  - path: tools/smoke/assert.go
    mode: generated
    digest: sha256:44b5daa926607a592e4c6281e2963eaba2d4fe36115ce6e960af1d4e2366aeaf
  - path: tools/smoke/assertions.go
    mode: generated
    digest: sha256:492c248badfb0bd2739a4f6f13333dfd092a64f0e73b970ba9f7c9dcb3c6bda2
  - path: tools/smoke/assertions_test.go
    mode: generated
    digest: sha256:3e7ea37da91b6eaee477d38e839fe222ed58bdb8ac633257bc5c704d65c8614e
  - path: tools/smoke/checks.go
    mode: generated
    digest: sha256:83c3ca0963c8ccf41cc9bfbf6c92eaed17f8b77398936a1f17951530319cc253
  - path: tools/smoke/checks.yaml
    mode: seed
    digest: sha256:4a2feb9a2d56a8029eddf9d7d59afd35b589edd64458639db3dc71e487544dc0
  - path: tools/smoke/checks_test.go
    mode: generated
    digest: sha256:f751e584e05d8375f4aa7fe28c6c220c5b47445c51ae184174cef7b7defc8200
  - path: tools/smoke/config.go
    mode: generated
    digest: sha256:ff63a68fdb396724feb8193fae7d312a275e8332beb6eec56cf3bdb6cea46c8c
  - path: tools/smoke/config_test.go
    mode: generated
    digest: sha256:30e27140817607f4d247f8a7cef5640d159c2a8aeb6eb68b8421f9b4d8a7d61a
  - path: tools/smoke/evidence.go
    mode: generated
    digest: sha256:078263025cc8d9540e4eb66f81aa11d4d23a1092f8e07678b68e801e5e672878
  - path: tools/smoke/evidence_test.go
    mode: generated
    digest: sha256:d480dc6090f3e10d048b6773f8a2b5d0ccc7e4053cc02888e2f4196f0a0d2674
  - path: tools/smoke/main.go
    mode: generated
    digest: sha256:c374724b32b821916f24d66b11f565365cfd656d4829e6e845a9c92668844000
